{
  "lockfileVersion": 1,
  "configVersion": 1,
  "workspaces": {
    "": {
      "name": "@withsprinkles/fetch-router-openapi",
      "dependencies": {
        "@hono/zod-openapi": "^1.1.5",
        "@remix-run/fetch-router": "^0.12.0",
        "@remix-run/headers": "^0.18.0",
        "@remix-run/response": "^0.2.0",
        "@remix-run/route-pattern": "^0.15.3",
        "zod": "^4.1.13",
        "zod-openapi": "^5.4.5",
      },
      "devDependencies": {
        "@biomejs/biome": "^2.3.6",
        "@types/bun": "^1.3.3",
        "@types/node": "^24.10.1",
        "@typescript/native-preview": "latest",
        "get-tsconfig": "^4.13.0",
        "iter-ops": "^3.5.0",
        "prettier": "^3.6.2",
        "prettier-plugin-pkg": "^0.21.2",
        "prettier-plugin-toml": "^2.0.6",
      },
    },
  },
  "packages": {
    "@asteasolutions/zod-to-openapi": ["@asteasolutions/zod-to-openapi@8.1.0", "", { "dependencies": { "openapi3-ts": "^4.1.2" }, "peerDependencies": { "zod": "^4.0.0" } }, "sha512-tQFxVs05J/6QXXqIzj6rTRk3nj1HFs4pe+uThwE95jL5II2JfpVXkK+CqkO7aT0Do5AYqO6LDrKpleLUFXgY+g=="],

    "@biomejs/biome": ["@biomejs/biome@2.3.8", "", { "optionalDependencies": { "@biomejs/cli-darwin-arm64": "2.3.8", "@biomejs/cli-darwin-x64": "2.3.8", "@biomejs/cli-linux-arm64": "2.3.8", "@biomejs/cli-linux-arm64-musl": "2.3.8", "@biomejs/cli-linux-x64": "2.3.8", "@biomejs/cli-linux-x64-musl": "2.3.8", "@biomejs/cli-win32-arm64": "2.3.8", "@biomejs/cli-win32-x64": "2.3.8" }, "bin": { "biome": "bin/biome" } }, "sha512-Qjsgoe6FEBxWAUzwFGFrB+1+M8y/y5kwmg5CHac+GSVOdmOIqsAiXM5QMVGZJ1eCUCLlPZtq4aFAQ0eawEUuUA=="],

    "@biomejs/cli-darwin-arm64": ["@biomejs/cli-darwin-arm64@2.3.8", "", { "os": "darwin", "cpu": "arm64" }, "sha512-HM4Zg9CGQ3txTPflxD19n8MFPrmUAjaC7PQdLkugeeC0cQ+PiVrd7i09gaBS/11QKsTDBJhVg85CEIK9f50Qww=="],

    "@biomejs/cli-darwin-x64": ["@biomejs/cli-darwin-x64@2.3.8", "", { "os": "darwin", "cpu": "x64" }, "sha512-lUDQ03D7y/qEao7RgdjWVGCu+BLYadhKTm40HkpJIi6kn8LSv5PAwRlew/DmwP4YZ9ke9XXoTIQDO1vAnbRZlA=="],

    "@biomejs/cli-linux-arm64": ["@biomejs/cli-linux-arm64@2.3.8", "", { "os": "linux", "cpu": "arm64" }, "sha512-Uo1OJnIkJgSgF+USx970fsM/drtPcQ39I+JO+Fjsaa9ZdCN1oysQmy6oAGbyESlouz+rzEckLTF6DS7cWse95g=="],

    "@biomejs/cli-linux-arm64-musl": ["@biomejs/cli-linux-arm64-musl@2.3.8", "", { "os": "linux", "cpu": "arm64" }, "sha512-PShR4mM0sjksUMyxbyPNMxoKFPVF48fU8Qe8Sfx6w6F42verbwRLbz+QiKNiDPRJwUoMG1nPM50OBL3aOnTevA=="],

    "@biomejs/cli-linux-x64": ["@biomejs/cli-linux-x64@2.3.8", "", { "os": "linux", "cpu": "x64" }, "sha512-QDPMD5bQz6qOVb3kiBui0zKZXASLo0NIQ9JVJio5RveBEFgDgsvJFUvZIbMbUZT3T00M/1wdzwWXk4GIh0KaAw=="],

    "@biomejs/cli-linux-x64-musl": ["@biomejs/cli-linux-x64-musl@2.3.8", "", { "os": "linux", "cpu": "x64" }, "sha512-YGLkqU91r1276uwSjiUD/xaVikdxgV1QpsicT0bIA1TaieM6E5ibMZeSyjQ/izBn4tKQthUSsVZacmoJfa3pDA=="],

    "@biomejs/cli-win32-arm64": ["@biomejs/cli-win32-arm64@2.3.8", "", { "os": "win32", "cpu": "arm64" }, "sha512-H4IoCHvL1fXKDrTALeTKMiE7GGWFAraDwBYFquE/L/5r1927Te0mYIGseXi4F+lrrwhSWbSGt5qPFswNoBaCxg=="],

    "@biomejs/cli-win32-x64": ["@biomejs/cli-win32-x64@2.3.8", "", { "os": "win32", "cpu": "x64" }, "sha512-RguzimPoZWtBapfKhKjcWXBVI91tiSprqdBYu7tWhgN8pKRZhw24rFeNZTNf6UiBfjCYCi9eFQs/JzJZIhuK4w=="],

    "@hono/zod-openapi": ["@hono/zod-openapi@1.1.5", "", { "dependencies": { "@asteasolutions/zod-to-openapi": "^8.1.0", "@hono/zod-validator": "^0.7.4", "openapi3-ts": "^4.5.0" }, "peerDependencies": { "hono": ">=4.3.6", "zod": "^4.0.0" } }, "sha512-EAnY6ad4yt/MUKHx716BEGGOXSl5d0/FOLozOYB/pmSEFq07qrzefKFtBEMAgd3hlpJXjH+4lwgTtlAo+BGBgQ=="],

    "@hono/zod-validator": ["@hono/zod-validator@0.7.5", "", { "peerDependencies": { "hono": ">=3.9.0", "zod": "^3.25.0 || ^4.0.0" } }, "sha512-n4l4hutkfYU07PzRUHBOVzUEn38VSfrh+UVE5d0w4lyfWDOEhzxIupqo5iakRiJL44c3vTuFJBvcmUl8b9agIA=="],

    "@remix-run/fetch-router": ["@remix-run/fetch-router@0.12.0", "", { "peerDependencies": { "@remix-run/headers": "^0.17.2", "@remix-run/route-pattern": "^0.15.3", "@remix-run/session": "^0.4.0" } }, "sha512-BDG/VepZg2ZJ7wav3HDrB9ZJLpzZONHi9ItOkFMcKsrbm5g7jjrxW5Vdijbbebz12pbJQu6VKTwLVXp/LgFusA=="],

    "@remix-run/headers": ["@remix-run/headers@0.18.0", "", {}, "sha512-5V/doLOF1IBuMhV+USa/ImUzpql4SQ0VBbNKbRHvrwRK59GYGVqtcwpVzgdFb5QEa2vIedq4JdOy7FIesZUpIw=="],

    "@remix-run/html-template": ["@remix-run/html-template@0.3.0", "", {}, "sha512-aAMx68udtIk0fmCpCXHYscVeCDsRVEmEgh4XvtusPr3vkHu3jn4gx5oAxgsPXPdDmmD/d75SYyI0m/F+aLz5iQ=="],

    "@remix-run/mime": ["@remix-run/mime@0.1.0", "", {}, "sha512-SUuIhuzaFdPPF8hPJ2qneILnP3Nxc96jvuz6QAhXDeqenXsCNUdduF+6J2PILdzme0t3dVZcHARfcgYPTaOWdg=="],

    "@remix-run/response": ["@remix-run/response@0.2.0", "", { "peerDependencies": { "@remix-run/headers": "^0.18.0", "@remix-run/html-template": "^0.3.0", "@remix-run/mime": "^0.1.0" } }, "sha512-oo5LA6On7OO2uJxjjYOsvEHvc5MnBdQavZoiuT2a9HiwKRNpc8Y3D85oqHjtJJBNtgg+Ug1JN3H0RILezpAYTg=="],

    "@remix-run/route-pattern": ["@remix-run/route-pattern@0.15.3", "", {}, "sha512-7s4Oy9q6Oz9Vfwg0iZscpmYVASNG9fLqbCa+YY0+SWKksDpvCRiW46xp3S3zEvT7zEP7G55FKA+JdrqqK2AOXw=="],

    "@remix-run/session": ["@remix-run/session@0.4.0", "", {}, "sha512-xDOPFllrjaEvIekzRfqO8VG2DsFfVasSjB49ElH4nR31YsqEGDCwCmK4GWSv/GsS1Bo+0JRHmIBTNdvNORLp7A=="],

    "@taplo/core": ["@taplo/core@0.2.0", "", {}, "sha512-r8bl54Zj1In3QLkiW/ex694bVzpPJ9EhwqT9xkcUVODnVUGirdB1JTsmiIv0o1uwqZiwhi8xNnTOQBRQCpizrQ=="],

    "@taplo/lib": ["@taplo/lib@0.5.0", "", { "dependencies": { "@taplo/core": "^0.2.0" } }, "sha512-+xIqpQXJco3T+VGaTTwmhxLa51qpkQxCjRwezjFZgr+l21ExlywJFcDfTrNmL6lG6tqb0h8GyJKO3UPGPtSCWg=="],

    "@types/bun": ["@types/bun@1.3.3", "", { "dependencies": { "bun-types": "1.3.3" } }, "sha512-ogrKbJ2X5N0kWLLFKeytG0eHDleBYtngtlbu9cyBKFtNL3cnpDZkNdQj8flVf6WTZUX5ulI9AY1oa7ljhSrp+g=="],

    "@types/node": ["@types/node@24.10.1", "", { "dependencies": { "undici-types": "~7.16.0" } }, "sha512-GNWcUTRBgIRJD5zj+Tq0fKOJ5XZajIiBroOF0yvj2bSU1WvNdYS/dn9UxwsujGW4JX06dnHyjV2y9rRaybH0iQ=="],

    "@typescript/native-preview": ["@typescript/native-preview@7.0.0-dev.20251129.1", "", { "optionalDependencies": { "@typescript/native-preview-darwin-arm64": "7.0.0-dev.20251129.1", "@typescript/native-preview-darwin-x64": "7.0.0-dev.20251129.1", "@typescript/native-preview-linux-arm": "7.0.0-dev.20251129.1", "@typescript/native-preview-linux-arm64": "7.0.0-dev.20251129.1", "@typescript/native-preview-linux-x64": "7.0.0-dev.20251129.1", "@typescript/native-preview-win32-arm64": "7.0.0-dev.20251129.1", "@typescript/native-preview-win32-x64": "7.0.0-dev.20251129.1" }, "bin": { "tsgo": "bin/tsgo.js" } }, "sha512-YwRFC/AHWvIASUarrrkmuT3yPzZIuKDRSSYhH9CfcmxUfF6WUyEiHGA9ahGKY+F5hxiChG2982wk3DcrH8t2Ig=="],

    "@typescript/native-preview-darwin-arm64": ["@typescript/native-preview-darwin-arm64@7.0.0-dev.20251129.1", "", { "os": "darwin", "cpu": "arm64" }, "sha512-BL60UBF2Q/2H4bSxcl5df8rVGz2v6Nan79aVEcgWPeGf65BxKPUqdV1Fc4+zqn5dj9slcx2NTkV46onlq1+E6g=="],

    "@typescript/native-preview-darwin-x64": ["@typescript/native-preview-darwin-x64@7.0.0-dev.20251129.1", "", { "os": "darwin", "cpu": "x64" }, "sha512-kzjGXa+D663RaEl/bv7e9L8rIjXK/WhqoKPbQtNjJC6JCbb0L438c6wnfSMNyO6xGVFe2VtGiaJe6yAGnek5Vw=="],

    "@typescript/native-preview-linux-arm": ["@typescript/native-preview-linux-arm@7.0.0-dev.20251129.1", "", { "os": "linux", "cpu": "arm" }, "sha512-wnyMoYcchhn7gUPFQbBeB0MAFi2SfugE99VGHDDmpCK2GsLI6VVx76d66C4QxtNuJLTHJhgKe60m8gKxAPol6w=="],

    "@typescript/native-preview-linux-arm64": ["@typescript/native-preview-linux-arm64@7.0.0-dev.20251129.1", "", { "os": "linux", "cpu": "arm64" }, "sha512-29cmzHC0L/Puw/pHZFxuUGaWEfonNloFcsT8yfwFm0+lyQxifPxOvLDlNP9pLPQMc/nCyC4hMKIImzh7q/HorQ=="],

    "@typescript/native-preview-linux-x64": ["@typescript/native-preview-linux-x64@7.0.0-dev.20251129.1", "", { "os": "linux", "cpu": "x64" }, "sha512-5bpo18sgTXz/Wi2ikC0FK+z3ONeECU5Xv9a4jmnGhQ7L0Hnfq+ZdH7uk5sMe6CbnrQkP6L46hawwiJaGim50sQ=="],

    "@typescript/native-preview-win32-arm64": ["@typescript/native-preview-win32-arm64@7.0.0-dev.20251129.1", "", { "os": "win32", "cpu": "arm64" }, "sha512-TLhNpfjZ1EHQba3VltprcAobH8tmx9DW8+EcLbXdXiq03GrocstN7LgIuYmQ7xRqDRfdoPDX0zuTkDLNw6iAmA=="],

    "@typescript/native-preview-win32-x64": ["@typescript/native-preview-win32-x64@7.0.0-dev.20251129.1", "", { "os": "win32", "cpu": "x64" }, "sha512-5rT0u4MvXhikzLqiLOHzDFaVi+V6y9QX0OII8QZIxD/GoVuLSsdQ8UlX/t8GJKq77mBR2z/u0Pg+HJZBSwJBmg=="],

    "bun-types": ["bun-types@1.3.3", "", { "dependencies": { "@types/node": "*" } }, "sha512-z3Xwlg7j2l9JY27x5Qn3Wlyos8YAp0kKRlrePAOjgjMGS5IG6E7Jnlx736vH9UVI4wUICwwhC9anYL++XeOgTQ=="],

    "get-tsconfig": ["get-tsconfig@4.13.0", "", { "dependencies": { "resolve-pkg-maps": "^1.0.0" } }, "sha512-1VKTZJCwBrvbd+Wn3AOgQP/2Av+TfTCOlE4AcRJE72W1ksZXbAx8PPBR9RzgTeSPzlPMHrbANMH3LbltH73wxQ=="],

    "hono": ["hono@4.10.7", "", {}, "sha512-icXIITfw/07Q88nLSkB9aiUrd8rYzSweK681Kjo/TSggaGbOX4RRyxxm71v+3PC8C/j+4rlxGeoTRxQDkaJkUw=="],

    "iter-ops": ["iter-ops@3.5.0", "", {}, "sha512-0/DU67w30nLAyyYETTAVOwtts871N6jjQEY9NAzSXqtlAGuo8CX6O+/Hx11eRZIchACaAMUn6alEndINx27j/Q=="],

    "openapi3-ts": ["openapi3-ts@4.5.0", "", { "dependencies": { "yaml": "^2.8.0" } }, "sha512-jaL+HgTq2Gj5jRcfdutgRGLosCy/hT8sQf6VOy+P+g36cZOjI1iukdPnijC+4CmeRzg/jEllJUboEic2FhxhtQ=="],

    "prettier": ["prettier@3.7.3", "", { "bin": { "prettier": "bin/prettier.cjs" } }, "sha512-QgODejq9K3OzoBbuyobZlUhznP5SKwPqp+6Q6xw6o8gnhr4O85L2U915iM2IDcfF2NPXVaM9zlo9tdwipnYwzg=="],

    "prettier-plugin-pkg": ["prettier-plugin-pkg@0.21.2", "", { "peerDependencies": { "prettier": "^3.0.3" } }, "sha512-CSlM5+51B7yTKcoRWT4M3ImcdFHD5NUz0Xu2t8J03B761zu6J3BjSo/XleKp2kB0tH49K7oG5Uuqn6ldI5LRLg=="],

    "prettier-plugin-toml": ["prettier-plugin-toml@2.0.6", "", { "dependencies": { "@taplo/lib": "^0.5.0" }, "peerDependencies": { "prettier": "^3.0.3" } }, "sha512-12N/wBuHa9jd/KVy9pRP20NMKxQfQLMseQCt66lIbLaPLItvGUcSIryE1eZZMJ7loSws6Ig3M2Elc2EreNh76w=="],

    "resolve-pkg-maps": ["resolve-pkg-maps@1.0.0", "", {}, "sha512-seS2Tj26TBVOC2NIc2rOe2y2ZO7efxITtLZcGSOnHHNOQ7CkiUBfw0Iw2ck6xkIhPwLhKNLS8BO+hEpngQlqzw=="],

    "undici-types": ["undici-types@7.16.0", "", {}, "sha512-Zz+aZWSj8LE6zoxD+xrjh4VfkIG8Ya6LvYkZqtUQGJPZjYl53ypCaUwWqo7eI0x66KBGeRo+mlBEkMSeSZ38Nw=="],

    "yaml": ["yaml@2.8.1", "", { "bin": { "yaml": "bin.mjs" } }, "sha512-lcYcMxX2PO9XMGvAJkJ3OsNMw+/7FKes7/hgerGUYWIoWu5j/+YQqcZr5JnPZWzOsEBgMbSbiSTn/dv/69Mkpw=="],

    "zod": ["zod@4.1.13", "", {}, "sha512-AvvthqfqrAhNH9dnfmrfKzX5upOdjUVJYFqNSlkmGf64gRaTzlPwz99IHYnVs28qYAybvAlBV+H7pn0saFY4Ig=="],

    "zod-openapi": ["zod-openapi@5.4.5", "", { "peerDependencies": { "zod": "^3.25.74 || ^4.0.0" } }, "sha512-DVLBNsnggh8k/Yq7qp+NeQCH6JuLIyGzUQWA1wN5+7DpQJSwC7WYR/2lE6uQDmGcS/X6l4tUyYFpeG4nk3nOpA=="],
  }
}
